
Microsoft Visual Studio Solution File, Format Version 12.00
# Visual Studio Version 17
VisualStudioVersion = 17.4.33122.133
MinimumVisualStudioVersion = 10.0.40219.1
Project("{FAE04EC0-301F-11D3-BF4B-00C04F79EFBC}") = "SocialNetworkBackground", "SocialNetworkBackground\SocialNetworkBackground.csproj", "{5B5B07DB-016F-4C85-A4C1-73FD5FB71ED6}"
EndProject
Project("{FAE04EC0-301F-11D3-BF4B-00C04F79EFBC}") = "SocialNetworkUI", "SocialNetworkUI\SocialNetworkUI.csproj", "{520453AF-03C3-4078-A0AB-BF90F8B8379E}"
EndProject
Project("{FAE04EC0-301F-11D3-BF4B-00C04F79EFBC}") = "SocialNetworkBackgroundTests", "SocialNetworkBackgroundTests\SocialNetworkBackgroundTests.csproj", "{ED85F3D9-8C57-4164-8C48-A118F9F3E751}"
EndProject
Global
	GlobalSection(SolutionConfigurationPlatforms) = preSolution
		Debug|Any CPU = Debug|Any CPU
		Release|Any CPU = Release|Any CPU
	EndGlobalSection
	GlobalSection(ProjectConfigurationPlatforms) = postSolution
		{5B5B07DB-016F-4C85-A4C1-73FD5FB71ED6}.Debug|Any CPU.ActiveCfg = Debug|Any CPU
		{5B5B07DB-016F-4C85-A4C1-73FD5FB71ED6}.Debug|Any CPU.Build.0 = Debug|Any CPU
		{5B5B07DB-016F-4C85-A4C1-73FD5FB71ED6}.Release|Any CPU.ActiveCfg = Release|Any CPU
		{5B5B07DB-016F-4C85-A4C1-73FD5FB71ED6}.Release|Any CPU.Build.0 = Release|Any CPU
		{520453AF-03C3-4078-A0AB-BF90F8B8379E}.Debug|Any CPU.ActiveCfg = Debug|Any CPU
		{520453AF-03C3-4078-A0AB-BF90F8B8379E}.Debug|Any CPU.Build.0 = Debug|Any CPU
		{520453AF-03C3-4078-A0AB-BF90F8B8379E}.Release|Any CPU.ActiveCfg = Release|Any CPU
		{520453AF-03C3-4078-A0AB-BF90F8B8379E}.Release|Any CPU.Build.0 = Release|Any CPU
		{ED85F3D9-8C57-4164-8C48-A118F9F3E751}.Debug|Any CPU.ActiveCfg = Debug|Any CPU
		{ED85F3D9-8C57-4164-8C48-A118F9F3E751}.Debug|Any CPU.Build.0 = Debug|Any CPU
		{ED85F3D9-8C57-4164-8C48-A118F9F3E751}.Release|Any CPU.ActiveCfg = Release|Any CPU
		{ED85F3D9-8C57-4164-8C48-A118F9F3E751}.Release|Any CPU.Build.0 = Release|Any CPU
	EndGlobalSection
	GlobalSection(SolutionProperties) = preSolution
		HideSolutionNode = FALSE
	EndGlobalSection
	GlobalSection(ExtensibilityGlobals) = postSolution
		SolutionGuid = {DBB41E6C-4158-47C1-8AD2-2D540960BF2F}
	EndGlobalSection
EndGlobal
